// !$*UTF8*$!
{
	archiveVersion = 1;
	classes = {
	};
	objectVersion = 50;
	objects = {

/* Begin PBXBuildFile section */
		0FAF7E6BD6190942EF7A4E67 /* Pods_Flix.framework in Frameworks */ = {isa = PBXBuildFile; fileRef = 9E86574FCBC167FA22A2B3F1 /* Pods_Flix.framework */; };
		79183BC523EA1D6B00563A84 /* MovieCell.swift in Sources */ = {isa = PBXBuildFile; fileRef = 79183BC423EA1D6B00563A84 /* MovieCell.swift */; };
		7970828C23EA13A700DE120E /* MoviesViewController.swift in Sources */ = {isa = PBXBuildFile; fileRef = 7970828B23EA13A700DE120E /* MoviesViewController.swift */; };
		7997391B23E9F93000D28901 /* AppDelegate.swift in Sources */ = {isa = PBXBuildFile; fileRef = 7997391A23E9F93000D28901 /* AppDelegate.swift */; };
		7997391D23E9F93000D28901 /* SceneDelegate.swift in Sources */ = {isa = PBXBuildFile; fileRef = 7997391C23E9F93000D28901 /* SceneDelegate.swift */; };
		7997391F23E9F93000D28901 /* ViewController.swift in Sources */ = {isa = PBXBuildFile; fileRef = 7997391E23E9F93000D28901 /* ViewController.swift */; };
		7997392223E9F93000D28901 /* Main.storyboard in Resources */ = {isa = PBXBuildFile; fileRef = 7997392023E9F93000D28901 /* Main.storyboard */; };
		7997392423E9F93200D28901 /* Assets.xcassets in Resources */ = {isa = PBXBuildFile; fileRef = 7997392323E9F93200D28901 /* Assets.xcassets */; };
		7997392723E9F93200D28901 /* LaunchScreen.storyboard in Resources */ = {isa = PBXBuildFile; fileRef = 7997392523E9F93200D28901 /* LaunchScreen.storyboard */; };
		7997393223E9F93200D28901 /* FlixTests.swift in Sources */ = {isa = PBXBuildFile; fileRef = 7997393123E9F93200D28901 /* FlixTests.swift */; };
		7997393D23E9F93200D28901 /* FlixUITests.swift in Sources */ = {isa = PBXBuildFile; fileRef = 7997393C23E9F93200D28901 /* FlixUITests.swift */; };
		9ECC9BC08F22ED0C015AED8E /* Pods_FlixTests.framework in Frameworks */ = {isa = PBXBuildFile; fileRef = F56CE8160A6709B4BE4014B6 /* Pods_FlixTests.framework */; };
		CD2785FA682B47E2EB80B502 /* Pods_Flix_FlixUITests.framework in Frameworks */ = {isa = PBXBuildFile; fileRef = 7CDB46994F488FFC177D9E35 /* Pods_Flix_FlixUITests.framework */; };
/* End PBXBuildFile section */

/* Begin PBXContainerItemProxy section */
		7997392E23E9F93200D28901 /* PBXContainerItemProxy */ = {
			isa = PBXContainerItemProxy;
			containerPortal = 7997390F23E9F93000D28901 /* Project object */;
			proxyType = 1;
			remoteGlobalIDString = 7997391623E9F93000D28901;
			remoteInfo = Flix;
		};
		7997393923E9F93200D28901 /* PBXContainerItemProxy */ = {
			isa = PBXContainerItemProxy;
			containerPortal = 7997390F23E9F93000D28901 /* Project object */;
			proxyType = 1;
			remoteGlobalIDString = 7997391623E9F93000D28901;
			remoteInfo = Flix;
		};
/* End PBXContainerItemProxy section */

/* Begin PBXFileReference section */
		51E4DAAB47610F48A68593C1 /* Pods-Flix.release.xcconfig */ = {isa = PBXFileReference; includeInIndex = 1; lastKnownFileType = text.xcconfig; name = "Pods-Flix.release.xcconfig"; path = "Target Support Files/Pods-Flix/Pods-Flix.release.xcconfig"; sourceTree = "<group>"; };
		667351E30646451018F1EAC0 /* Pods-FlixTests.release.xcconfig */ = {isa = PBXFileReference; includeInIndex = 1; lastKnownFileType = text.xcconfig; name = "Pods-FlixTests.release.xcconfig"; path = "Target Support Files/Pods-FlixTests/Pods-FlixTests.release.xcconfig"; sourceTree = "<group>"; };
		79183BC423EA1D6B00563A84 /* MovieCell.swift */ = {isa = PBXFileReference; lastKnownFileType = sourcecode.swift; path = MovieCell.swift; sourceTree = "<group>"; };
		7970828B23EA13A700DE120E /* MoviesViewController.swift */ = {isa = PBXFileReference; lastKnownFileType = sourcecode.swift; path = MoviesViewController.swift; sourceTree = "<group>"; };
		7997391723E9F93000D28901 /* Flix.app */ = {isa = PBXFileReference; explicitFileType = wrapper.application; includeInIndex = 0; path = Flix.app; sourceTree = BUILT_PRODUCTS_DIR; };
		7997391A23E9F93000D28901 /* AppDelegate.swift */ = {isa = PBXFileReference; lastKnownFileType = sourcecode.swift; path = AppDelegate.swift; sourceTree = "<group>"; };
		7997391C23E9F93000D28901 /* SceneDelegate.swift */ = {isa = PBXFileReference; lastKnownFileType = sourcecode.swift; path = SceneDelegate.swift; sourceTree = "<group>"; };
		7997391E23E9F93000D28901 /* ViewController.swift */ = {isa = PBXFileReference; lastKnownFileType = sourcecode.swift; path = ViewController.swift; sourceTree = "<group>"; };
		7997392123E9F93000D28901 /* Base */ = {isa = PBXFileReference; lastKnownFileType = file.storyboard; name = Base; path = Base.lproj/Main.storyboard; sourceTree = "<group>"; };
		7997392323E9F93200D28901 /* Assets.xcassets */ = {isa = PBXFileReference; lastKnownFileType = folder.assetcatalog; path = Assets.xcassets; sourceTree = "<group>"; };
		7997392623E9F93200D28901 /* Base */ = {isa = PBXFileReference; lastKnownFileType = file.storyboard; name = Base; path = Base.lproj/LaunchScreen.storyboard; sourceTree = "<group>"; };
		7997392823E9F93200D28901 /* Info.plist */ = {isa = PBXFileReference; lastKnownFileType = text.plist.xml; path = Info.plist; sourceTree = "<group>"; };
		7997392D23E9F93200D28901 /* FlixTests.xctest */ = {isa = PBXFileReference; explicitFileType = wrapper.cfbundle; includeInIndex = 0; path = FlixTests.xctest; sourceTree = BUILT_PRODUCTS_DIR; };
		7997393123E9F93200D28901 /* FlixTests.swift */ = {isa = PBXFileReference; lastKnownFileType = sourcecode.swift; path = FlixTests.swift; sourceTree = "<group>"; };
		7997393323E9F93200D28901 /* Info.plist */ = {isa = PBXFileReference; lastKnownFileType = text.plist.xml; path = Info.plist; sourceTree = "<group>"; };
		7997393823E9F93200D28901 /* FlixUITests.xctest */ = {isa = PBXFileReference; explicitFileType = wrapper.cfbundle; includeInIndex = 0; path = FlixUITests.xctest; sourceTree = BUILT_PRODUCTS_DIR; };
		7997393C23E9F93200D28901 /* FlixUITests.swift */ = {isa = PBXFileReference; lastKnownFileType = sourcecode.swift; path = FlixUITests.swift; sourceTree = "<group>"; };
		7997393E23E9F93200D28901 /* Info.plist */ = {isa = PBXFileReference; lastKnownFileType = text.plist.xml; path = Info.plist; sourceTree = "<group>"; };
		7CDB46994F488FFC177D9E35 /* Pods_Flix_FlixUITests.framework */ = {isa = PBXFileReference; explicitFileType = wrapper.framework; includeInIndex = 0; path = Pods_Flix_FlixUITests.framework; sourceTree = BUILT_PRODUCTS_DIR; };
		9E86574FCBC167FA22A2B3F1 /* Pods_Flix.framework */ = {isa = PBXFileReference; explicitFileType = wrapper.framework; includeInIndex = 0; path = Pods_Flix.framework; sourceTree = BUILT_PRODUCTS_DIR; };
		B824A8817E1A445349B82A1E /* Pods-Flix-FlixUITests.debug.xcconfig */ = {isa = PBXFileReference; includeInIndex = 1; lastKnownFileType = text.xcconfig; name = "Pods-Flix-FlixUITests.debug.xcconfig"; path = "Target Support Files/Pods-Flix-FlixUITests/Pods-Flix-FlixUITests.debug.xcconfig"; sourceTree = "<group>"; };
		BBD11D56CD64DE02B8A520D1 /* Pods-Flix.debug.xcconfig */ = {isa = PBXFileReference; includeInIndex = 1; lastKnownFileType = text.xcconfig; name = "Pods-Flix.debug.xcconfig"; path = "Target Support Files/Pods-Flix/Pods-Flix.debug.xcconfig"; sourceTree = "<group>"; };
		C633FF487166CC407A1DDE90 /* Pods-Flix-FlixUITests.release.xcconfig */ = {isa = PBXFileReference; includeInIndex = 1; lastKnownFileType = text.xcconfig; name = "Pods-Flix-FlixUITests.release.xcconfig"; path = "Target Support Files/Pods-Flix-FlixUITests/Pods-Flix-FlixUITests.release.xcconfig"; sourceTree = "<group>"; };
		E173557BA3A28E1C2F7D1D9D /* Pods-FlixTests.debug.xcconfig */ = {isa = PBXFileReference; includeInIndex = 1; lastKnownFileType = text.xcconfig; name = "Pods-FlixTests.debug.xcconfig"; path = "Target Support Files/Pods-FlixTests/Pods-FlixTests.debug.xcconfig"; sourceTree = "<group>"; };
		F56CE8160A6709B4BE4014B6 /* Pods_FlixTests.framework */ = {isa = PBXFileReference; explicitFileType = wrapper.framework; includeInIndex = 0; path = Pods_FlixTests.framework; sourceTree = BUILT_PRODUCTS_DIR; };
/* End PBXFileReference section */

/* Begin PBXFrameworksBuildPhase section */
		7997391423E9F93000D28901 /* Frameworks */ = {
			isa = PBXFrameworksBuildPhase;
			buildActionMask = 2147483647;
			files = (
				0FAF7E6BD6190942EF7A4E67 /* Pods_Flix.framework in Frameworks */,
			);
			runOnlyForDeploymentPostprocessing = 0;
		};
		7997392A23E9F93200D28901 /* Frameworks */ = {
			isa = PBXFrameworksBuildPhase;
			buildActionMask = 2147483647;
			files = (
				9ECC9BC08F22ED0C015AED8E /* Pods_FlixTests.framework in Frameworks */,
			);
			runOnlyForDeploymentPostprocessing = 0;
		};
		7997393523E9F93200D28901 /* Frameworks */ = {
			isa = PBXFrameworksBuildPhase;
			buildActionMask = 2147483647;
			files = (
				CD2785FA682B47E2EB80B502 /* Pods_Flix_FlixUITests.framework in Frameworks */,
			);
			runOnlyForDeploymentPostprocessing = 0;
		};
/* End PBXFrameworksBuildPhase section */

/* Begin PBXGroup section */
		17D7B1E940A8B53CACC5ACE5 /* Frameworks */ = {
			isa = PBXGroup;
			children = (
				9E86574FCBC167FA22A2B3F1 /* Pods_Flix.framework */,
				7CDB46994F488FFC177D9E35 /* Pods_Flix_FlixUITests.framework */,
				F56CE8160A6709B4BE4014B6 /* Pods_FlixTests.framework */,
			);
			name = Frameworks;
			sourceTree = "<group>";
		};
		7997390E23E9F93000D28901 = {
			isa = PBXGroup;
			children = (
				7997391923E9F93000D28901 /* Flix */,
				7997393023E9F93200D28901 /* FlixTests */,
				7997393B23E9F93200D28901 /* FlixUITests */,
				7997391823E9F93000D28901 /* Products */,
				80F80B751DFE16344B6F75F9 /* Pods */,
				17D7B1E940A8B53CACC5ACE5 /* Frameworks */,
			);
			sourceTree = "<group>";
		};
		7997391823E9F93000D28901 /* Products */ = {
			isa = PBXGroup;
			children = (
				7997391723E9F93000D28901 /* Flix.app */,
				7997392D23E9F93200D28901 /* FlixTests.xctest */,
				7997393823E9F93200D28901 /* FlixUITests.xctest */,
			);
			name = Products;
			sourceTree = "<group>";
		};
		7997391923E9F93000D28901 /* Flix */ = {
			isa = PBXGroup;
			children = (
				7997391A23E9F93000D28901 /* AppDelegate.swift */,
				7997391C23E9F93000D28901 /* SceneDelegate.swift */,
				7997391E23E9F93000D28901 /* ViewController.swift */,
				7970828B23EA13A700DE120E /* MoviesViewController.swift */,
				7997392023E9F93000D28901 /* Main.storyboard */,
				79183BC423EA1D6B00563A84 /* MovieCell.swift */,
				7997392323E9F93200D28901 /* Assets.xcassets */,
				7997392523E9F93200D28901 /* LaunchScreen.storyboard */,
				7997392823E9F93200D28901 /* Info.plist */,
			);
			path = Flix;
			sourceTree = "<group>";
		};
		7997393023E9F93200D28901 /* FlixTests */ = {
			isa = PBXGroup;
			children = (
				7997393123E9F93200D28901 /* FlixTests.swift */,
				7997393323E9F93200D28901 /* Info.plist */,
			);
			path = FlixTests;
			sourceTree = "<group>";
		};
		7997393B23E9F93200D28901 /* FlixUITests */ = {
			isa = PBXGroup;
			children = (
				7997393C23E9F93200D28901 /* FlixUITests.swift */,
				7997393E23E9F93200D28901 /* Info.plist */,
			);
			path = FlixUITests;
			sourceTree = "<group>";
		};
		80F80B751DFE16344B6F75F9 /* Pods */ = {
			isa = PBXGroup;
			children = (
				BBD11D56CD64DE02B8A520D1 /* Pods-Flix.debug.xcconfig */,
				51E4DAAB47610F48A68593C1 /* Pods-Flix.release.xcconfig */,
				B824A8817E1A445349B82A1E /* Pods-Flix-FlixUITests.debug.xcconfig */,
				C633FF487166CC407A1DDE90 /* Pods-Flix-FlixUITests.release.xcconfig */,
				E173557BA3A28E1C2F7D1D9D /* Pods-FlixTests.debug.xcconfig */,
				667351E30646451018F1EAC0 /* Pods-FlixTests.release.xcconfig */,
			);
			name = Pods;
			path = Pods;
			sourceTree = "<group>";
		};
/* End PBXGroup section */

/* Begin PBXNativeTarget section */
		7997391623E9F93000D28901 /* Flix */ = {
			isa = PBXNativeTarget;
			buildConfigurationList = 7997394123E9F93200D28901 /* Build configuration list for PBXNativeTarget "Flix" */;
			buildPhases = (
				BE0BB6C2718800A5C7B128E2 /* [CP] Check Pods Manifest.lock */,
				7997391323E9F93000D28901 /* Sources */,
				7997391423E9F93000D28901 /* Frameworks */,
				7997391523E9F93000D28901 /* Resources */,
				31FDB42B33608CEC6F9BBDB9 /* [CP] Embed Pods Frameworks */,
			);
			buildRules = (
			);
			dependencies = (
			);
			name = Flix;
			productName = Flix;
			productReference = 7997391723E9F93000D28901 /* Flix.app */;
			productType = "com.apple.product-type.application";
		};
		7997392C23E9F93200D28901 /* FlixTests */ = {
			isa = PBXNativeTarget;
			buildConfigurationList = 7997394423E9F93200D28901 /* Build configuration list for PBXNativeTarget "FlixTests" */;
			buildPhases = (
				FA5F66FEBD410C87F35119CE /* [CP] Check Pods Manifest.lock */,
				7997392923E9F93200D28901 /* Sources */,
				7997392A23E9F93200D28901 /* Frameworks */,
				7997392B23E9F93200D28901 /* Resources */,
			);
			buildRules = (
			);
			dependencies = (
				7997392F23E9F93200D28901 /* PBXTargetDependency */,
			);
			name = FlixTests;
			productName = FlixTests;
			productReference = 7997392D23E9F93200D28901 /* FlixTests.xctest */;
			productType = "com.apple.product-type.bundle.unit-test";
		};
		7997393723E9F93200D28901 /* FlixUITests */ = {
			isa = PBXNativeTarget;
			buildConfigurationList = 7997394723E9F93200D28901 /* Build configuration list for PBXNativeTarget "FlixUITests" */;
			buildPhases = (
				A1304985CB3E93FB2688312A /* [CP] Check Pods Manifest.lock */,
				7997393423E9F93200D28901 /* Sources */,
				7997393523E9F93200D28901 /* Frameworks */,
				7997393623E9F93200D28901 /* Resources */,
				1B57AE1EBFE99E4F1DE7E299 /* [CP] Embed Pods Frameworks */,
			);
			buildRules = (
			);
			dependencies = (
				7997393A23E9F93200D28901 /* PBXTargetDependency */,
			);
			name = FlixUITests;
			productName = FlixUITests;
			productReference = 7997393823E9F93200D28901 /* FlixUITests.xctest */;
			productType = "com.apple.product-type.bundle.ui-testing";
		};
/* End PBXNativeTarget section */

/* Begin PBXProject section */
		7997390F23E9F93000D28901 /* Project object */ = {
			isa = PBXProject;
			attributes = {
				LastSwiftUpdateCheck = 1130;
				LastUpgradeCheck = 1130;
				ORGANIZATIONNAME = "Marco Aguilera";
				TargetAttributes = {
					7997391623E9F93000D28901 = {
						CreatedOnToolsVersion = 11.3.1;
					};
					7997392C23E9F93200D28901 = {
						CreatedOnToolsVersion = 11.3.1;
						TestTargetID = 7997391623E9F93000D28901;
					};
					7997393723E9F93200D28901 = {
						CreatedOnToolsVersion = 11.3.1;
						TestTargetID = 7997391623E9F93000D28901;
					};
				};
			};
			buildConfigurationList = 7997391223E9F93000D28901 /* Build configuration list for PBXProject "Flix" */;
			compatibilityVersion = "Xcode 9.3";
			developmentRegion = en;
			hasScannedForEncodings = 0;
			knownRegions = (
				en,
				Base,
			);
			mainGroup = 7997390E23E9F93000D28901;
			productRefGroup = 7997391823E9F93000D28901 /* Products */;
			projectDirPath = "";
			projectRoot = "";
			targets = (
				7997391623E9F93000D28901 /* Flix */,
				7997392C23E9F93200D28901 /* FlixTests */,
				7997393723E9F93200D28901 /* FlixUITests */,
			);
		};
/* End PBXProject section */

/* Begin PBXResourcesBuildPhase section */
		7997391523E9F93000D28901 /* Resources */ = {
			isa = PBXResourcesBuildPhase;
			buildActionMask = 2147483647;
			files = (
				7997392723E9F93200D28901 /* LaunchScreen.storyboard in Resources */,
				7997392423E9F93200D28901 /* Assets.xcassets in Resources */,
				7997392223E9F93000D28901 /* Main.storyboard in Resources */,
			);
			runOnlyForDeploymentPostprocessing = 0;
		};
		7997392B23E9F93200D28901 /* Resources */ = {
			isa = PBXResourcesBuildPhase;
			buildActionMask = 2147483647;
			files = (
			);
			runOnlyForDeploymentPostprocessing = 0;
		};
		7997393623E9F93200D28901 /* Resources */ = {
			isa = PBXResourcesBuildPhase;
			buildActionMask = 2147483647;
			files = (
			);
			runOnlyForDeploymentPostprocessing = 0;
		};
/* End PBXResourcesBuildPhase section */

/* Begin PBXShellScriptBuildPhase section */
		1B57AE1EBFE99E4F1DE7E299 /* [CP] Embed Pods Frameworks */ = {
			isa = PBXShellScriptBuildPhase;
			buildActionMask = 2147483647;
			files = (
			);
			inputFileListPaths = (
				"${PODS_ROOT}/Target Support Files/Pods-Flix-FlixUITests/Pods-Flix-FlixUITests-frameworks-${CONFIGURATION}-input-files.xcfilelist",
			);
			name = "[CP] Embed Pods Frameworks";
			outputFileListPaths = (
				"${PODS_ROOT}/Target Support Files/Pods-Flix-FlixUITests/Pods-Flix-FlixUITests-frameworks-${CONFIGURATION}-output-files.xcfilelist",
			);
			runOnlyForDeploymentPostprocessing = 0;
			shellPath = /bin/sh;
			shellScript = "\"${PODS_ROOT}/Target Support Files/Pods-Flix-FlixUITests/Pods-Flix-FlixUITests-frameworks.sh\"\n";
			showEnvVarsInLog = 0;
		};
		31FDB42B33608CEC6F9BBDB9 /* [CP] Embed Pods Frameworks */ = {
			isa = PBXShellScriptBuildPhase;
			buildActionMask = 2147483647;
			files = (
			);
			inputFileListPaths = (
				"${PODS_ROOT}/Target Support Files/Pods-Flix/Pods-Flix-frameworks-${CONFIGURATION}-input-files.xcfilelist",
			);
			name = "[CP] Embed Pods Frameworks";
			outputFileListPaths = (
				"${PODS_ROOT}/Target Support Files/Pods-Flix/Pods-Flix-frameworks-${CONFIGURATION}-output-files.xcfilelist",
			);
			runOnlyForDeploymentPostprocessing = 0;
			shellPath = /bin/sh;
			shellScript = "\"${PODS_ROOT}/Target Support Files/Pods-Flix/Pods-Flix-frameworks.sh\"\n";
			showEnvVarsInLog = 0;
		};
		A1304985CB3E93FB2688312A /* [CP] Check Pods Manifest.lock */ = {
			isa = PBXShellScriptBuildPhase;
			buildActionMask = 2147483647;
			files = (
			);
			inputFileListPaths = (
			);
			inputPaths = (
				"${PODS_PODFILE_DIR_PATH}/Podfile.lock",
				"${PODS_ROOT}/Manifest.lock",
			);
			name = "[CP] Check Pods Manifest.lock";
			outputFileListPaths = (
			);
			outputPaths = (
				"$(DERIVED_FILE_DIR)/Pods-Flix-FlixUITests-checkManifestLockResult.txt",
			);
			runOnlyForDeploymentPostprocessing = 0;
			shellPath = /bin/sh;
			shellScript = "diff \"${PODS_PODFILE_DIR_PATH}/Podfile.lock\" \"${PODS_ROOT}/Manifest.lock\" > /dev/null\nif [ $? != 0 ] ; then\n    # print error to STDERR\n    echo \"error: The sandbox is not in sync with the Podfile.lock. Run 'pod install' or update your CocoaPods installation.\" >&2\n    exit 1\nfi\n# This output is used by Xcode 'outputs' to avoid re-running this script phase.\necho \"SUCCESS\" > \"${SCRIPT_OUTPUT_FILE_0}\"\n";
			showEnvVarsInLog = 0;
		};
		BE0BB6C2718800A5C7B128E2 /* [CP] Check Pods Manifest.lock */ = {
			isa = PBXShellScriptBuildPhase;
			buildActionMask = 2147483647;
			files = (
			);
			inputFileListPaths = (
			);
			inputPaths = (
				"${PODS_PODFILE_DIR_PATH}/Podfile.lock",
				"${PODS_ROOT}/Manifest.lock",
			);
			name = "[CP] Check Pods Manifest.lock";
			outputFileListPaths = (
			);
			outputPaths = (
				"$(DERIVED_FILE_DIR)/Pods-Flix-checkManifestLockResult.txt",
			);
			runOnlyForDeploymentPostprocessing = 0;
			shellPath = /bin/sh;
			shellScript = "diff \"${PODS_PODFILE_DIR_PATH}/Podfile.lock\" \"${PODS_ROOT}/Manifest.lock\" > /dev/null\nif [ $? != 0 ] ; then\n    # print error to STDERR\n    echo \"error: The sandbox is not in sync with the Podfile.lock. Run 'pod install' or update your CocoaPods installation.\" >&2\n    exit 1\nfi\n# This output is used by Xcode 'outputs' to avoid re-running this script phase.\necho \"SUCCESS\" > \"${SCRIPT_OUTPUT_FILE_0}\"\n";
			showEnvVarsInLog = 0;
		};
		FA5F66FEBD410C87F35119CE /* [CP] Check Pods Manifest.lock */ = {
			isa = PBXShellScriptBuildPhase;
			buildActionMask = 2147483647;
			files = (
			);
			inputFileListPaths = (
			);
			inputPaths = (
				"${PODS_PODFILE_DIR_PATH}/Podfile.lock",
				"${PODS_ROOT}/Manifest.lock",
			);
			name = "[CP] Check Pods Manifest.lock";
			outputFileListPaths = (
			);
			outputPaths = (
				"$(DERIVED_FILE_DIR)/Pods-FlixTests-checkManifestLockResult.txt",
			);
			runOnlyForDeploymentPostprocessing = 0;
			shellPath = /bin/sh;
			shellScript = "diff \"${PODS_PODFILE_DIR_PATH}/Podfile.lock\" \"${PODS_ROOT}/Manifest.lock\" > /dev/null\nif [ $? != 0 ] ; then\n    # print error to STDERR\n    echo \"error: The sandbox is not in sync with the Podfile.lock. Run 'pod install' or update your CocoaPods installation.\" >&2\n    exit 1\nfi\n# This output is used by Xcode 'outputs' to avoid re-running this script phase.\necho \"SUCCESS\" > \"${SCRIPT_OUTPUT_FILE_0}\"\n";
			showEnvVarsInLog = 0;
		};
/* End PBXShellScriptBuildPhase section */

/* Begin PBXSourcesBuildPhase section */
		7997391323E9F93000D28901 /* Sources */ = {
			isa = PBXSourcesBuildPhase;
			buildActionMask = 2147483647;
			files = (
				7997391F23E9F93000D28901 /* ViewController.swift in Sources */,
				7997391B23E9F93000D28901 /* AppDelegate.swift in Sources */,
				7997391D23E9F93000D28901 /* SceneDelegate.swift in Sources */,
				79183BC523EA1D6B00563A84 /* MovieCell.swift in Sources */,
				7970828C23EA13A700DE120E /* MoviesViewController.swift in Sources */,
			);
			runOnlyForDeploymentPostprocessing = 0;
		};
		7997392923E9F93200D28901 /* Sources */ = {
			isa = PBXSourcesBuildPhase;
			buildActionMask = 2147483647;
			files = (
				7997393223E9F93200D28901 /* FlixTests.swift in Sources */,
			);
			runOnlyForDeploymentPostprocessing = 0;
		};
		7997393423E9F93200D28901 /* Sources */ = {
			isa = PBXSourcesBuildPhase;
			buildActionMask = 2147483647;
			files = (
				7997393D23E9F93200D28901 /* FlixUITests.swift in Sources */,
			);
			runOnlyForDeploymentPostprocessing = 0;
		};
/* End PBXSourcesBuildPhase section */

/* Begin PBXTargetDependency section */
		7997392F23E9F93200D28901 /* PBXTargetDependency */ = {
			isa = PBXTargetDependency;
			target = 7997391623E9F93000D28901 /* Flix */;
			targetProxy = 7997392E23E9F93200D28901 /* PBXContainerItemProxy */;
		};
		7997393A23E9F93200D28901 /* PBXTargetDependency */ = {
			isa = PBXTargetDependency;
			target = 7997391623E9F93000D28901 /* Flix */;
			targetProxy = 7997393923E9F93200D28901 /* PBXContainerItemProxy */;
		};
/* End PBXTargetDependency section */

/* Begin PBXVariantGroup section */
		7997392023E9F93000D28901 /* Main.storyboard */ = {
			isa = PBXVariantGroup;
			children = (
				7997392123E9F93000D28901 /* Base */,
			);
			name = Main.storyboard;
			sourceTree = "<group>";
		};
		7997392523E9F93200D28901 /* LaunchScreen.storyboard */ = {
			isa = PBXVariantGroup;
			children = (
				7997392623E9F93200D28901 /* Base */,
			);
			name = LaunchScreen.storyboard;
			sourceTree = "<group>";
		};
/* End PBXVariantGroup section */

/* Begin XCBuildConfiguration section */
		7997393F23E9F93200D28901 /* Debug */ = {
			isa = XCBuildConfiguration;
			buildSettings = {
				ALWAYS_SEARCH_USER_PATHS = NO;
				CLANG_ANALYZER_NONNULL = YES;
				CLANG_ANALYZER_NUMBER_OBJECT_CONVERSION = YES_AGGRESSIVE;
				CLANG_CXX_LANGUAGE_STANDARD = "gnu++14";
				CLANG_CXX_LIBRARY = "libc++";
				CLANG_ENABLE_MODULES = YES;
				CLANG_ENABLE_OBJC_ARC = YES;
				CLANG_ENABLE_OBJC_WEAK = YES;
				CLANG_WARN_BLOCK_CAPTURE_AUTORELEASING = YES;
				CLANG_WARN_BOOL_CONVERSION = YES;
				CLANG_WARN_COMMA = YES;
				CLANG_WARN_CONSTANT_CONVERSION = YES;
				CLANG_WARN_DEPRECATED_OBJC_IMPLEMENTATIONS = YES;
				CLANG_WARN_DIRECT_OBJC_ISA_USAGE = YES_ERROR;
				CLANG_WARN_DOCUMENTATION_COMMENTS = YES;
				CLANG_WARN_EMPTY_BODY = YES;
				CLANG_WARN_ENUM_CONVERSION = YES;
				CLANG_WARN_INFINITE_RECURSION = YES;
				CLANG_WARN_INT_CONVERSION = YES;
				CLANG_WARN_NON_LITERAL_NULL_CONVERSION = YES;
				CLANG_WARN_OBJC_IMPLICIT_RETAIN_SELF = YES;
				CLANG_WARN_OBJC_LITERAL_CONVERSION = YES;
				CLANG_WARN_OBJC_ROOT_CLASS = YES_ERROR;
				CLANG_WARN_RANGE_LOOP_ANALYSIS = YES;
				CLANG_WARN_STRICT_PROTOTYPES = YES;
				CLANG_WARN_SUSPICIOUS_MOVE = YES;
				CLANG_WARN_UNGUARDED_AVAILABILITY = YES_AGGRESSIVE;
				CLANG_WARN_UNREACHABLE_CODE = YES;
				CLANG_WARN__DUPLICATE_METHOD_MATCH = YES;
				COPY_PHASE_STRIP = NO;
				DEBUG_INFORMATION_FORMAT = dwarf;
				ENABLE_STRICT_OBJC_MSGSEND = YES;
				ENABLE_TESTABILITY = YES;
				GCC_C_LANGUAGE_STANDARD = gnu11;
				GCC_DYNAMIC_NO_PIC = NO;
				GCC_NO_COMMON_BLOCKS = YES;
				GCC_OPTIMIZATION_LEVEL = 0;
				GCC_PREPROCESSOR_DEFINITIONS = (
					"DEBUG=1",
					"$(inherited)",
				);
				GCC_WARN_64_TO_32_BIT_CONVERSION = YES;
				GCC_WARN_ABOUT_RETURN_TYPE = YES_ERROR;
				GCC_WARN_UNDECLARED_SELECTOR = YES;
				GCC_WARN_UNINITIALIZED_AUTOS = YES_AGGRESSIVE;
				GCC_WARN_UNUSED_FUNCTION = YES;
				GCC_WARN_UNUSED_VARIABLE = YES;
				IPHONEOS_DEPLOYMENT_TARGET = 13.2;
				MTL_ENABLE_DEBUG_INFO = INCLUDE_SOURCE;
				MTL_FAST_MATH = YES;
				ONLY_ACTIVE_ARCH = YES;
				SDKROOT = iphoneos;
				SWIFT_ACTIVE_COMPILATION_CONDITIONS = DEBUG;
				SWIFT_OPTIMIZATION_LEVEL = "-Onone";
			};
			name = Debug;
		};
		7997394023E9F93200D28901 /* Release */ = {
			isa = XCBuildConfiguration;
			buildSettings = {
				ALWAYS_SEARCH_USER_PATHS = NO;
				CLANG_ANALYZER_NONNULL = YES;
				CLANG_ANALYZER_NUMBER_OBJECT_CONVERSION = YES_AGGRESSIVE;
				CLANG_CXX_LANGUAGE_STANDARD = "gnu++14";
				CLANG_CXX_LIBRARY = "libc++";
				CLANG_ENABLE_MODULES = YES;
				CLANG_ENABLE_OBJC_ARC = YES;
				CLANG_ENABLE_OBJC_WEAK = YES;
				CLANG_WARN_BLOCK_CAPTURE_AUTORELEASING = YES;
				CLANG_WARN_BOOL_CONVERSION = YES;
				CLANG_WARN_COMMA = YES;
				CLANG_WARN_CONSTANT_CONVERSION = YES;
				CLANG_WARN_DEPRECATED_OBJC_IMPLEMENTATIONS = YES;
				CLANG_WARN_DIRECT_OBJC_ISA_USAGE = YES_ERROR;
				CLANG_WARN_DOCUMENTATION_COMMENTS = YES;
				CLANG_WARN_EMPTY_BODY = YES;
				CLANG_WARN_ENUM_CONVERSION = YES;
				CLANG_WARN_INFINITE_RECURSION = YES;
				CLANG_WARN_INT_CONVERSION = YES;
				CLANG_WARN_NON_LITERAL_NULL_CONVERSION = YES;
				CLANG_WARN_OBJC_IMPLICIT_RETAIN_SELF = YES;
				CLANG_WARN_OBJC_LITERAL_CONVERSION = YES;
				CLANG_WARN_OBJC_ROOT_CLASS = YES_ERROR;
				CLANG_WARN_RANGE_LOOP_ANALYSIS = YES;
				CLANG_WARN_STRICT_PROTOTYPES = YES;
				CLANG_WARN_SUSPICIOUS_MOVE = YES;
				CLANG_WARN_UNGUARDED_AVAILABILITY = YES_AGGRESSIVE;
				CLANG_WARN_UNREACHABLE_CODE = YES;
				CLANG_WARN__DUPLICATE_METHOD_MATCH = YES;
				COPY_PHASE_STRIP = NO;
				DEBUG_INFORMATION_FORMAT = "dwarf-with-dsym";
				ENABLE_NS_ASSERTIONS = NO;
				ENABLE_STRICT_OBJC_MSGSEND = YES;
				GCC_C_LANGUAGE_STANDARD = gnu11;
				GCC_NO_COMMON_BLOCKS = YES;
				GCC_WARN_64_TO_32_BIT_CONVERSION = YES;
				GCC_WARN_ABOUT_RETURN_TYPE = YES_ERROR;
				GCC_WARN_UNDECLARED_SELECTOR = YES;
				GCC_WARN_UNINITIALIZED_AUTOS = YES_AGGRESSIVE;
				GCC_WARN_UNUSED_FUNCTION = YES;
				GCC_WARN_UNUSED_VARIABLE = YES;
				IPHONEOS_DEPLOYMENT_TARGET = 13.2;
				MTL_ENABLE_DEBUG_INFO = NO;
				MTL_FAST_MATH = YES;
				SDKROOT = iphoneos;
				SWIFT_COMPILATION_MODE = wholemodule;
				SWIFT_OPTIMIZATION_LEVEL = "-O";
				VALIDATE_PRODUCT = YES;
			};
			name = Release;
		};
		7997394223E9F93200D28901 /* Debug */ = {
			isa = XCBuildConfiguration;
			baseConfigurationReference = BBD11D56CD64DE02B8A520D1 /* Pods-Flix.debug.xcconfig */;
			buildSettings = {
				ASSETCATALOG_COMPILER_APPICON_NAME = AppIcon;
				CODE_SIGN_STYLE = Automatic;
				DEVELOPMENT_TEAM = 6XLU76G36V;
				INFOPLIST_FILE = Flix/Info.plist;
				LD_RUNPATH_SEARCH_PATHS = (
					"$(inherited)",
					"@executable_path/Frameworks",
				);
				PRODUCT_BUNDLE_IDENTIFIER = csumb.Flix;
				PRODUCT_NAME = "$(TARGET_NAME)";
				SWIFT_VERSION = 5.0;
				TARGETED_DEVICE_FAMILY = "1,2";
			};
			name = Debug;
		};
		7997394323E9F93200D28901 /* Release */ = {
			isa = XCBuildConfiguration;
			baseConfigurationReference = 51E4DAAB47610F48A68593C1 /* Pods-Flix.release.xcconfig */;
			buildSettings = {
				ASSETCATALOG_COMPILER_APPICON_NAME = AppIcon;
				CODE_SIGN_STYLE = Automatic;
				DEVELOPMENT_TEAM = 6XLU76G36V;
				INFOPLIST_FILE = Flix/Info.plist;
				LD_RUNPATH_SEARCH_PATHS = (
					"$(inherited)",
					"@executable_path/Frameworks",
				);
				PRODUCT_BUNDLE_IDENTIFIER = csumb.Flix;
				PRODUCT_NAME = "$(TARGET_NAME)";
				SWIFT_VERSION = 5.0;
				TARGETED_DEVICE_FAMILY = "1,2";
			};
			name = Release;
		};
		7997394523E9F93200D28901 /* Debug */ = {
			isa = XCBuildConfiguration;
			baseConfigurationReference = E173557BA3A28E1C2F7D1D9D /* Pods-FlixTests.debug.xcconfig */;
			buildSettings = {
				ALWAYS_EMBED_SWIFT_STANDARD_LIBRARIES = YES;
				BUNDLE_LOADER = "$(TEST_HOST)";
				CODE_SIGN_STYLE = Automatic;
				DEVELOPMENT_TEAM = 6XLU76G36V;
				INFOPLIST_FILE = FlixTests/Info.plist;
				IPHONEOS_DEPLOYMENT_TARGET = 13.2;
				LD_RUNPATH_SEARCH_PATHS = (
					"$(inherited)",
					"@executable_path/Frameworks",
					"@loader_path/Frameworks",
				);
				PRODUCT_BUNDLE_IDENTIFIER = csumb.FlixTests;
				PRODUCT_NAME = "$(TARGET_NAME)";
				SWIFT_VERSION = 5.0;
				TARGETED_DEVICE_FAMILY = "1,2";
				TEST_HOST = "$(BUILT_PRODUCTS_DIR)/Flix.app/Flix";
			};
			name = Debug;
		};
		7997394623E9F93200D28901 /* Release */ = {
			isa = XCBuildConfiguration;
			baseConfigurationReference = 667351E30646451018F1EAC0 /* Pods-FlixTests.release.xcconfig */;
			buildSettings = {
				ALWAYS_EMBED_SWIFT_STANDARD_LIBRARIES = YES;
				BUNDLE_LOADER = "$(TEST_HOST)";
				CODE_SIGN_STYLE = Automatic;
				DEVELOPMENT_TEAM = 6XLU76G36V;
				INFOPLIST_FILE = FlixTests/Info.plist;
				IPHONEOS_DEPLOYMENT_TARGET = 13.2;
				LD_RUNPATH_SEARCH_PATHS = (
					"$(inherited)",
					"@executable_path/Frameworks",
					"@loader_path/Frameworks",
				);
				PRODUCT_BUNDLE_IDENTIFIER = csumb.FlixTests;
				PRODUCT_NAME = "$(TARGET_NAME)";
				SWIFT_VERSION = 5.0;
				TARGETED_DEVICE_FAMILY = "1,2";
				TEST_HOST = "$(BUILT_PRODUCTS_DIR)/Flix.app/Flix";
			};
			name = Release;
		};
		7997394823E9F93200D28901 /* Debug */ = {
			isa = XCBuildConfiguration;
			baseConfigurationReference = B824A8817E1A445349B82A1E /* Pods-Flix-FlixUITests.debug.xcconfig */;
			buildSettings = {
				ALWAYS_EMBED_SWIFT_STANDARD_LIBRARIES = YES;
				CODE_SIGN_STYLE = Automatic;
				DEVELOPMENT_TEAM = 6XLU76G36V;
				INFOPLIST_FILE = FlixUITests/Info.plist;
				LD_RUNPATH_SEARCH_PATHS = (
					"$(inherited)",
					"@executable_path/Frameworks",
					"@loader_path/Frameworks",
				);
				PRODUCT_BUNDLE_IDENTIFIER = csumb.FlixUITests;
				PRODUCT_NAME = "$(TARGET_NAME)";
				SWIFT_VERSION = 5.0;
				TARGETED_DEVICE_FAMILY = "1,2";
				TEST_TARGET_NAME = Flix;
			};
			name = Debug;
		};
		7997394923E9F93200D28901 /* Release */ = {
			isa = XCBuildConfiguration;
			baseConfigurationReference = C633FF487166CC407A1DDE90 /* Pods-Flix-FlixUITests.release.xcconfig */;
			buildSettings = {
				ALWAYS_EMBED_SWIFT_STANDARD_LIBRARIES = YES;
				CODE_SIGN_STYLE = Automatic;
				DEVELOPMENT_TEAM = 6XLU76G36V;
				INFOPLIST_FILE = FlixUITests/Info.plist;
				LD_RUNPATH_SEARCH_PATHS = (
					"$(inherited)",
					"@executable_path/Frameworks",
					"@loader_path/Frameworks",
				);
				PRODUCT_BUNDLE_IDENTIFIER = csumb.FlixUITests;
				PRODUCT_NAME = "$(TARGET_NAME)";
				SWIFT_VERSION = 5.0;
				TARGETED_DEVICE_FAMILY = "1,2";
				TEST_TARGET_NAME = Flix;
			};
			name = Release;
		};
/* End XCBuildConfiguration section */

/* Begin XCConfigurationList section */
		7997391223E9F93000D28901 /* Build configuration list for PBXProject "Flix" */ = {
			isa = XCConfigurationList;
			buildConfigurations = (
				7997393F23E9F93200D28901 /* Debug */,
				7997394023E9F93200D28901 /* Release */,
			);
			defaultConfigurationIsVisible = 0;
			defaultConfigurationName = Release;
		};
		7997394123E9F93200D28901 /* Build configuration list for PBXNativeTarget "Flix" */ = {
			isa = XCConfigurationList;
			buildConfigurations = (
				7997394223E9F93200D28901 /* Debug */,
				7997394323E9F93200D28901 /* Release */,
			);
			defaultConfigurationIsVisible = 0;
			defaultConfigurationName = Release;
		};
		7997394423E9F93200D28901 /* Build configuration list for PBXNativeTarget "FlixTests" */ = {
			isa = XCConfigurationList;
			buildConfigurations = (
				7997394523E9F93200D28901 /* Debug */,
				7997394623E9F93200D28901 /* Release */,
			);
			defaultConfigurationIsVisible = 0;
			defaultConfigurationName = Release;
		};
		7997394723E9F93200D28901 /* Build configuration list for PBXNativeTarget "FlixUITests" */ = {
			isa = XCConfigurationList;
			buildConfigurations = (
				7997394823E9F93200D28901 /* Debug */,
				7997394923E9F93200D28901 /* Release */,
			);
			defaultConfigurationIsVisible = 0;
			defaultConfigurationName = Release;
		};
/* End XCConfigurationList section */
	};
	rootObject = 7997390F23E9F93000D28901 /* Project object */;
}
